# @generated - this file is auto-generated by `mise lock` https://mise.en.dev/dev-tools/mise-lock.html

[[tools.actionlint]]
version = "1.7.12"
backend = "aqua:rhysd/actionlint"

[tools.actionlint."platforms.linux-arm64"]
checksum = "sha256:325e971b6ba9bfa504672e29be93c24981eeb1c07576d730e9f7c8805afff0c6"
url = "https://github.com/rhysd/actionlint/releases/download/v1.7.12/actionlint_1.7.12_linux_arm64.tar.gz"
provenance = "github-attestations"

[tools.actionlint."platforms.linux-arm64-musl"]
checksum = "sha256:325e971b6ba9bfa504672e29be93c24981eeb1c07576d730e9f7c8805afff0c6"
url = "https://github.com/rhysd/actionlint/releases/download/v1.7.12/actionlint_1.7.12_linux_arm64.tar.gz"
provenance = "github-attestations"

[tools.actionlint."platforms.linux-x64"]
checksum = "sha256:8aca8db96f1b94770f1b0d72b6dddcb1ebb8123cb3712530b08cc387b349a3d8"
url = "https://github.com/rhysd/actionlint/releases/download/v1.7.12/actionlint_1.7.12_linux_amd64.tar.gz"
provenance = "github-attestations"

[tools.actionlint."platforms.linux-x64-musl"]
checksum = "sha256:8aca8db96f1b94770f1b0d72b6dddcb1ebb8123cb3712530b08cc387b349a3d8"
url = "https://github.com/rhysd/actionlint/releases/download/v1.7.12/actionlint_1.7.12_linux_amd64.tar.gz"
provenance = "github-attestations"

[tools.actionlint."platforms.macos-arm64"]
checksum = "sha256:aba9ced2dee8d27fecca3dc7feb1a7f9a52caefa1eb46f3271ea66b6e0e6953f"
url = "https://github.com/rhysd/actionlint/releases/download/v1.7.12/actionlint_1.7.12_darwin_arm64.tar.gz"
provenance = "github-attestations"

[tools.actionlint."platforms.macos-x64"]
checksum = "sha256:5b44c3bc2255115c9b69e30efc0fecdf498fdb63c5d58e17084fd5f16324c644"
url = "https://github.com/rhysd/actionlint/releases/download/v1.7.12/actionlint_1.7.12_darwin_amd64.tar.gz"
provenance = "github-attestations"

[tools.actionlint."platforms.windows-x64"]
checksum = "sha256:6e7241b51e6817ea6a047693d8e6fed13b31819c9a0dd6c5a726e1592d22f6e9"
url = "https://github.com/rhysd/actionlint/releases/download/v1.7.12/actionlint_1.7.12_windows_amd64.zip"
provenance = "github-attestations"

[[tools.gitleaks]]
version = "8.30.1"
backend = "aqua:gitleaks/gitleaks"

[tools.gitleaks."platforms.linux-arm64"]
checksum = "sha256:e4a487ee7ccd7d3a7f7ec08657610aa3606637dab924210b3aee62570fb4b080"
url = "https://github.com/gitleaks/gitleaks/releases/download/v8.30.1/gitleaks_8.30.1_linux_arm64.tar.gz"

[tools.gitleaks."platforms.linux-arm64-musl"]
checksum = "sha256:e4a487ee7ccd7d3a7f7ec08657610aa3606637dab924210b3aee62570fb4b080"
url = "https://github.com/gitleaks/gitleaks/releases/download/v8.30.1/gitleaks_8.30.1_linux_arm64.tar.gz"

[tools.gitleaks."platforms.linux-x64"]
checksum = "sha256:551f6fc83ea457d62a0d98237cbad105af8d557003051f41f3e7ca7b3f2470eb"
url = "https://github.com/gitleaks/gitleaks/releases/download/v8.30.1/gitleaks_8.30.1_linux_x64.tar.gz"

[tools.gitleaks."platforms.linux-x64-musl"]
checksum = "sha256:551f6fc83ea457d62a0d98237cbad105af8d557003051f41f3e7ca7b3f2470eb"
url = "https://github.com/gitleaks/gitleaks/releases/download/v8.30.1/gitleaks_8.30.1_linux_x64.tar.gz"

[tools.gitleaks."platforms.macos-arm64"]
checksum = "sha256:b40ab0ae55c505963e365f271a8d3846efbc170aa17f2607f13df610a9aeb6a5"
url = "https://github.com/gitleaks/gitleaks/releases/download/v8.30.1/gitleaks_8.30.1_darwin_arm64.tar.gz"

[tools.gitleaks."platforms.macos-x64"]
checksum = "sha256:dfe101a4db2255fc85120ac7f3d25e4342c3c20cf749f2c20a18081af1952709"
url = "https://github.com/gitleaks/gitleaks/releases/download/v8.30.1/gitleaks_8.30.1_darwin_x64.tar.gz"

[tools.gitleaks."platforms.windows-x64"]
checksum = "sha256:d29144deff3a68aa93ced33dddf84b7fdc26070add4aa0f4513094c8332afc4e"
url = "https://github.com/gitleaks/gitleaks/releases/download/v8.30.1/gitleaks_8.30.1_windows_x64.zip"

[[tools.hk]]
version = "1.48.0"
backend = "aqua:jdx/hk"

[tools.hk."platforms.linux-arm64"]
checksum = "sha256:d72463103d9682094e9b1fb2f20ef8824d1ec7a9b23f79163921bac7785fcd51"
url = "https://github.com/jdx/hk/releases/download/v1.48.0/hk-aarch64-unknown-linux-gnu.tar.gz"

[tools.hk."platforms.linux-arm64-musl"]
checksum = "sha256:c6ba1ed78e6d205f442e013ffb20e815ff6498ae12aac0705fd3132a9a9b92a0"
url = "https://github.com/jdx/hk/releases/download/v1.48.0/hk-aarch64-unknown-linux-musl.tar.gz"

[tools.hk."platforms.linux-x64"]
checksum = "sha256:6b7f9a28391a8b13b88208d723cbde7b945d095cbb03455c7dd5f8df551ed380"
url = "https://github.com/jdx/hk/releases/download/v1.48.0/hk-x86_64-unknown-linux-gnu.tar.gz"

[tools.hk."platforms.linux-x64-musl"]
checksum = "sha256:bde5bcaab4035488520ab977f23bfe0b1b639152c6ed7200c9592724e2afe88d"
url = "https://github.com/jdx/hk/releases/download/v1.48.0/hk-x86_64-unknown-linux-musl.tar.gz"

[tools.hk."platforms.macos-arm64"]
checksum = "sha256:e3985a14f41ba5eb849bf79502ad19201d0a582114a5ebe35a9afff16742024b"
url = "https://github.com/jdx/hk/releases/download/v1.48.0/hk-aarch64-apple-darwin.tar.gz"

[tools.hk."platforms.windows-x64"]
checksum = "sha256:6349ab27cd7a9c07e68edc7c2af0859c8a540482e97a5b7306e9e88460a5ca43"
url = "https://github.com/jdx/hk/releases/download/v1.48.0/hk-x86_64-pc-windows-msvc.zip"

[[tools.node]]
version = "24.13.0"
backend = "core:node"

[tools.node."platforms.linux-arm64"]
checksum = "sha256:0f6d40b94c6a2eb6b4c240ffc8b9fd3ada7ab044c177dd413c06e1ef9a63f081"
url = "https://nodejs.org/dist/v24.13.0/node-v24.13.0-linux-arm64.tar.gz"

[tools.node."platforms.linux-arm64-musl"]
checksum = "sha256:f8312012e07ff106a1c48ad08fc228f9434077e7f7462a2ffc6839c8e3f02935"
url = "https://unofficial-builds.nodejs.org/download/release/v24.13.0/node-v24.13.0-linux-arm64-musl.tar.gz"

[tools.node."platforms.linux-x64"]
checksum = "sha256:6223aad1a81f9d1e7b682c59d12e2de233f7b4c37475cd40d1c89c42b737ffa8"
url = "https://nodejs.org/dist/v24.13.0/node-v24.13.0-linux-x64.tar.gz"

[tools.node."platforms.linux-x64-musl"]
checksum = "sha256:e2750d9e00008d2eadcecc00e17c3060980ed26888de90a55f9873ebdcde74ac"
url = "https://unofficial-builds.nodejs.org/download/release/v24.13.0/node-v24.13.0-linux-x64-musl.tar.gz"

[tools.node."platforms.macos-arm64"]
checksum = "sha256:d595961e563fcae057d4a0fb992f175a54d97fcc4a14dc2d474d92ddeea3b9f8"
url = "https://nodejs.org/dist/v24.13.0/node-v24.13.0-darwin-arm64.tar.gz"

[tools.node."platforms.macos-x64"]
checksum = "sha256:6f03c1b48ddbe1b129a6f8038be08e0899f05f17185b4d3e4350180ab669a7f3"
url = "https://nodejs.org/dist/v24.13.0/node-v24.13.0-darwin-x64.tar.gz"

[tools.node."platforms.windows-x64"]
checksum = "sha256:ca2742695be8de44027d71b3f53a4bdb36009b95575fe1ae6f7f0b5ce091cb88"
url = "https://nodejs.org/dist/v24.13.0/node-v24.13.0-win-x64.zip"

[[tools.pkl]]
version = "0.31.1"
backend = "aqua:apple/pkl"

[tools.pkl."platforms.linux-arm64"]
checksum = "sha256:7ef10e743daa921fb94ae7bdb9ec6986f362bf250c55814b9ea2aeb13f2d083e"
url = "https://github.com/apple/pkl/releases/download/0.31.1/pkl-linux-aarch64"

[tools.pkl."platforms.linux-arm64-musl"]
checksum = "sha256:7ef10e743daa921fb94ae7bdb9ec6986f362bf250c55814b9ea2aeb13f2d083e"
url = "https://github.com/apple/pkl/releases/download/0.31.1/pkl-linux-aarch64"

[tools.pkl."platforms.linux-x64"]
checksum = "sha256:618f13955d755cafbfe8c9cba1d27635848cd49dbc6abffd398d2751db1231bf"
url = "https://github.com/apple/pkl/releases/download/0.31.1/pkl-linux-amd64"

[tools.pkl."platforms.linux-x64-musl"]
checksum = "sha256:618f13955d755cafbfe8c9cba1d27635848cd49dbc6abffd398d2751db1231bf"
url = "https://github.com/apple/pkl/releases/download/0.31.1/pkl-linux-amd64"

[tools.pkl."platforms.macos-arm64"]
checksum = "sha256:1b6a5438d9624cd2798a7530721bbbfa27ef72efe5c878a1b6c546c6e7ca0e8f"
url = "https://github.com/apple/pkl/releases/download/0.31.1/pkl-macos-aarch64"

[tools.pkl."platforms.macos-x64"]
checksum = "sha256:22123ed4ae4c03afa8c54c69f77f0bec39b0fa0f67b09d6d148e0a376a2a471d"
url = "https://github.com/apple/pkl/releases/download/0.31.1/pkl-macos-amd64"

[tools.pkl."platforms.windows-x64"]
checksum = "sha256:a8834481667325b44c539dbb758d7365a16389070f343c04b639bbe525ede013"
url = "https://github.com/apple/pkl/releases/download/0.31.1/pkl-windows-amd64.exe"

[[tools.ruby]]
version = "4.0.2"
backend = "core:ruby"

[tools.ruby.options]
compile = "true"
ruby_build_repo = "https://github.com/rbenv/ruby-build.git"
ruby_install = "false"

[tools.ruby."platforms.linux-arm64"]
checksum = "sha256:51502b26b50b68df4963336ca41e368cde92c928faf91654de4c4c1791f82aac"
url = "https://cache.ruby-lang.org/pub/ruby/4.0/ruby-4.0.2.tar.gz"

[tools.ruby."platforms.linux-arm64-musl"]
checksum = "sha256:51502b26b50b68df4963336ca41e368cde92c928faf91654de4c4c1791f82aac"
url = "https://cache.ruby-lang.org/pub/ruby/4.0/ruby-4.0.2.tar.gz"

[tools.ruby."platforms.linux-x64"]
checksum = "sha256:51502b26b50b68df4963336ca41e368cde92c928faf91654de4c4c1791f82aac"
url = "https://cache.ruby-lang.org/pub/ruby/4.0/ruby-4.0.2.tar.gz"

[tools.ruby."platforms.linux-x64-musl"]
checksum = "sha256:51502b26b50b68df4963336ca41e368cde92c928faf91654de4c4c1791f82aac"
url = "https://cache.ruby-lang.org/pub/ruby/4.0/ruby-4.0.2.tar.gz"

[tools.ruby."platforms.macos-arm64"]
checksum = "sha256:51502b26b50b68df4963336ca41e368cde92c928faf91654de4c4c1791f82aac"
url = "https://cache.ruby-lang.org/pub/ruby/4.0/ruby-4.0.2.tar.gz"

[tools.ruby."platforms.macos-x64"]
checksum = "sha256:51502b26b50b68df4963336ca41e368cde92c928faf91654de4c4c1791f82aac"
url = "https://cache.ruby-lang.org/pub/ruby/4.0/ruby-4.0.2.tar.gz"

[[tools.zizmor]]
version = "1.26.1"
backend = "aqua:zizmorcore/zizmor"

[tools.zizmor."platforms.linux-arm64"]
checksum = "sha256:711f5af366b299128f9a04b1470e37d990b41fbd21f14a1a4148d25004a83762"
url = "https://github.com/zizmorcore/zizmor/releases/download/v1.26.1/zizmor-aarch64-unknown-linux-gnu.tar.gz"
provenance = "github-attestations"

[tools.zizmor."platforms.linux-arm64-musl"]
provenance = "github-attestations"

[tools.zizmor."platforms.linux-x64"]
checksum = "sha256:8556289a64e7aaf2400cd516f61a471aa91c5902cc56ad96a82fd12f90c2ef73"
url = "https://github.com/zizmorcore/zizmor/releases/download/v1.26.1/zizmor-x86_64-unknown-linux-gnu.tar.gz"
provenance = "github-attestations"

[tools.zizmor."platforms.linux-x64-musl"]
provenance = "github-attestations"

[tools.zizmor."platforms.macos-arm64"]
checksum = "sha256:68ab2b37836bbd44f6cfffcc102b9ffffbc20c5d67d84293dafb63bd2775a1da"
url = "https://github.com/zizmorcore/zizmor/releases/download/v1.26.1/zizmor-aarch64-apple-darwin.tar.gz"
provenance = "github-attestations"

[tools.zizmor."platforms.macos-x64"]
checksum = "sha256:2967414a561f8c1264121e8f723c3b5abcf3d1bf7ce5063114df99985dd75801"
url = "https://github.com/zizmorcore/zizmor/releases/download/v1.26.1/zizmor-x86_64-apple-darwin.tar.gz"
provenance = "github-attestations"

[tools.zizmor."platforms.windows-x64"]
checksum = "sha256:c6cea156935e3b9d36faeca4fd8f622d23f7a7578da26adb34e6456abd9beb9a"
url = "https://github.com/zizmorcore/zizmor/releases/download/v1.26.1/zizmor-x86_64-pc-windows-msvc.zip"
provenance = "github-attestations"
